<?xml version="1.0" encoding="utf-8"?>
<Project ToolsVersion="4.0" xmlns="http://schemas.microsoft.com/developer/msbuild/2003">
  <ItemGroup>
    <Filter Include="Source Files">
      <UniqueIdentifier>{4FC737F1-C7A5-4376-A066-2A32D752A2FF}</UniqueIdentifier>
      <Extensions>cpp;c;cc;cxx;def;odl;idl;hpj;bat;asm;asmx</Extensions>
    </Filter>
    <Filter Include="Header Files">
      <UniqueIdentifier>{93995380-89BD-4b04-88EB-625FBE52EBFB}</UniqueIdentifier>
      <Extensions>h;hh;hpp;hxx;hm;inl;inc;xsd</Extensions>
    </Filter>
    <Filter Include="Resource Files">
      <UniqueIdentifier>{67DA6AB6-F800-4c08-8B7A-83BB121AAD01}</UniqueIdentifier>
      <Extensions>rc;ico;cur;bmp;dlg;rc2;rct;bin;rgs;gif;jpg;jpeg;jpe;resx;tiff;tif;png;wav;mfcribbon-ms</Extensions>
    </Filter>
  </ItemGroup>
  <ItemGroup>
    <ClCompile Include="Main.cpp">
      <Filter>Source Files</Filter>
    </ClCompile>
    <ClCompile Include="binaryGap.cpp">
      <Filter>Source Files</Filter>
    </ClCompile>
    <ClCompile Include="oddOccuranceArray.cpp">
      <Filter>Source Files</Filter>
    </ClCompile>
    <ClCompile Include="cyclicRotation.cpp">
      <Filter>Source Files</Filter>
    </ClCompile>
    <ClCompile Include="permMissingElem.cpp">
      <Filter>Source Files</Filter>
    </ClCompile>
    <ClCompile Include="frogJump.cpp">
      <Filter>Source Files</Filter>
    </ClCompile>
    <ClCompile Include="tapeEquilibrium.cpp">
      <Filter>Source Files</Filter>
    </ClCompile>
    <ClCompile Include="minimalPostiveInterger.cpp">
      <Filter>Source Files</Filter>
    </ClCompile>
    <ClCompile Include="permutation.cpp">
      <Filter>Source Files</Filter>
    </ClCompile>
    <ClCompile Include="frogRiverOne.cpp">
      <Filter>Source Files</Filter>
    </ClCompile>
    <ClCompile Include="MaxCounter.cpp">
      <Filter>Source Files</Filter>
    </ClCompile>
    <ClCompile Include="countDiv.cpp">
      <Filter>Source Files</Filter>
    </ClCompile>
    <ClCompile Include="passingCars.cpp">
      <Filter>Source Files</Filter>
    </ClCompile>
    <ClCompile Include="genomicRangeQuery.cpp">
      <Filter>Source Files</Filter>
    </ClCompile>
    <ClCompile Include="minAvgTwoSlice.cpp">
      <Filter>Source Files</Filter>
    </ClCompile>
    <ClCompile Include="sortingDistinctValues.cpp">
      <Filter>Source Files</Filter>
    </ClCompile>
    <ClCompile Include="nailingPlanks.cpp">
      <Filter>Source Files</Filter>
    </ClCompile>
    <ClCompile Include="minABS.cpp">
      <Filter>Source Files</Filter>
    </ClCompile>
    <ClCompile Include="maxDieSum.cpp">
      <Filter>Source Files</Filter>
    </ClCompile>
    <ClCompile Include="tieRopes.cpp">
      <Filter>Source Files</Filter>
    </ClCompile>
  </ItemGroup>
</Project>